
Microsoft Visual Studio Solution File, Format Version 12.00
# Visual Studio Version 17
VisualStudioVersion = 17.2.32526.322
MinimumVisualStudioVersion = 10.0.40219.1
Project("{9A19103F-16F7-4668-BE54-9A1E7A4F7556}") = "Kafka.Client", "Kafka.Client\Kafka.Client.csproj", "{B201997B-F6E5-4A7E-887B-CC6E7AC3FF6C}"
EndProject
Project("{9A19103F-16F7-4668-BE54-9A1E7A4F7556}") = "Kafka.Common", "Kafka.Common\Kafka.Common.csproj", "{08599EA4-C4FC-4CE1-BCBE-1AE3B3D61DBC}"
EndProject
Project("{9A19103F-16F7-4668-BE54-9A1E7A4F7556}") = "Kafka.Client.UnitTest", "Kafka.Client.UnitTest\Kafka.Client.UnitTest.csproj", "{A4B9675E-8803-4789-82D9-A60FB7C0E42D}"
EndProject
Project("{9A19103F-16F7-4668-BE54-9A1E7A4F7556}") = "Kafka.Common.UnitTest", "Kafka.Common.UnitTest\Kafka.Common.UnitTest.csproj", "{3D8260B3-0D3A-4AFE-9B15-947CAA46BDF6}"
EndProject
Project("{9A19103F-16F7-4668-BE54-9A1E7A4F7556}") = "Kafka.CodeGen", "Kafka.CodeGen\Kafka.CodeGen.csproj", "{8B51CDE4-9B2D-4748-8B1C-402F49A88756}"
EndProject
Project("{9A19103F-16F7-4668-BE54-9A1E7A4F7556}") = "Kafka.CodeGen.UnitTest", "Kafka.CodeGen.UnitTest\Kafka.CodeGen.UnitTest.csproj", "{BA4A6A03-9408-400B-9ED7-2A494B4C4AA3}"
EndProject
Project("{9A19103F-16F7-4668-BE54-9A1E7A4F7556}") = "Kafka.Cli", "Kafka.Cli\Kafka.Cli.csproj", "{C080ADE6-390B-4A1B-A571-DE3378F9180A}"
EndProject
Global
	GlobalSection(SolutionConfigurationPlatforms) = preSolution
		Debug|Any CPU = Debug|Any CPU
		Release|Any CPU = Release|Any CPU
	EndGlobalSection
	GlobalSection(ProjectConfigurationPlatforms) = postSolution
		{B201997B-F6E5-4A7E-887B-CC6E7AC3FF6C}.Debug|Any CPU.ActiveCfg = Debug|Any CPU
		{B201997B-F6E5-4A7E-887B-CC6E7AC3FF6C}.Debug|Any CPU.Build.0 = Debug|Any CPU
		{B201997B-F6E5-4A7E-887B-CC6E7AC3FF6C}.Release|Any CPU.ActiveCfg = Release|Any CPU
		{B201997B-F6E5-4A7E-887B-CC6E7AC3FF6C}.Release|Any CPU.Build.0 = Release|Any CPU
		{08599EA4-C4FC-4CE1-BCBE-1AE3B3D61DBC}.Debug|Any CPU.ActiveCfg = Debug|Any CPU
		{08599EA4-C4FC-4CE1-BCBE-1AE3B3D61DBC}.Debug|Any CPU.Build.0 = Debug|Any CPU
		{08599EA4-C4FC-4CE1-BCBE-1AE3B3D61DBC}.Release|Any CPU.ActiveCfg = Release|Any CPU
		{08599EA4-C4FC-4CE1-BCBE-1AE3B3D61DBC}.Release|Any CPU.Build.0 = Release|Any CPU
		{A4B9675E-8803-4789-82D9-A60FB7C0E42D}.Debug|Any CPU.ActiveCfg = Debug|Any CPU
		{A4B9675E-8803-4789-82D9-A60FB7C0E42D}.Debug|Any CPU.Build.0 = Debug|Any CPU
		{A4B9675E-8803-4789-82D9-A60FB7C0E42D}.Release|Any CPU.ActiveCfg = Release|Any CPU
		{A4B9675E-8803-4789-82D9-A60FB7C0E42D}.Release|Any CPU.Build.0 = Release|Any CPU
		{3D8260B3-0D3A-4AFE-9B15-947CAA46BDF6}.Debug|Any CPU.ActiveCfg = Debug|Any CPU
		{3D8260B3-0D3A-4AFE-9B15-947CAA46BDF6}.Debug|Any CPU.Build.0 = Debug|Any CPU
		{3D8260B3-0D3A-4AFE-9B15-947CAA46BDF6}.Release|Any CPU.ActiveCfg = Release|Any CPU
		{3D8260B3-0D3A-4AFE-9B15-947CAA46BDF6}.Release|Any CPU.Build.0 = Release|Any CPU
		{8B51CDE4-9B2D-4748-8B1C-402F49A88756}.Debug|Any CPU.ActiveCfg = Debug|Any CPU
		{8B51CDE4-9B2D-4748-8B1C-402F49A88756}.Debug|Any CPU.Build.0 = Debug|Any CPU
		{8B51CDE4-9B2D-4748-8B1C-402F49A88756}.Release|Any CPU.ActiveCfg = Release|Any CPU
		{8B51CDE4-9B2D-4748-8B1C-402F49A88756}.Release|Any CPU.Build.0 = Release|Any CPU
		{BA4A6A03-9408-400B-9ED7-2A494B4C4AA3}.Debug|Any CPU.ActiveCfg = Debug|Any CPU
		{BA4A6A03-9408-400B-9ED7-2A494B4C4AA3}.Debug|Any CPU.Build.0 = Debug|Any CPU
		{BA4A6A03-9408-400B-9ED7-2A494B4C4AA3}.Release|Any CPU.ActiveCfg = Release|Any CPU
		{BA4A6A03-9408-400B-9ED7-2A494B4C4AA3}.Release|Any CPU.Build.0 = Release|Any CPU
		{C080ADE6-390B-4A1B-A571-DE3378F9180A}.Debug|Any CPU.ActiveCfg = Debug|Any CPU
		{C080ADE6-390B-4A1B-A571-DE3378F9180A}.Debug|Any CPU.Build.0 = Debug|Any CPU
		{C080ADE6-390B-4A1B-A571-DE3378F9180A}.Release|Any CPU.ActiveCfg = Release|Any CPU
		{C080ADE6-390B-4A1B-A571-DE3378F9180A}.Release|Any CPU.Build.0 = Release|Any CPU
	EndGlobalSection
	GlobalSection(SolutionProperties) = preSolution
		HideSolutionNode = FALSE
	EndGlobalSection
	GlobalSection(ExtensibilityGlobals) = postSolution
		SolutionGuid = {46197DA8-A532-4C73-B3F1-D24847C7A0AC}
	EndGlobalSection
EndGlobal
